
Microsoft Visual Studio Solution File, Format Version 12.00
# Visual Studio 15
VisualStudioVersion = 15.0.28307.1758
MinimumVisualStudioVersion = 10.0.40219.1
Project("{FAE04EC0-301F-11D3-BF4B-00C04F79EFBC}") = "Password_Reset", "Password_Reset\Password_Reset.csproj", "{265634C8-4535-4F5D-BFA6-45DA4D42E935}"
EndProject
Global
	GlobalSection(SolutionConfigurationPlatforms) = preSolution
		Debug|Any CPU = Debug|Any CPU
		Release|Any CPU = Release|Any CPU
	EndGlobalSection
	GlobalSection(ProjectConfigurationPlatforms) = postSolution
		{265634C8-4535-4F5D-BFA6-45DA4D42E935}.Debug|Any CPU.ActiveCfg = Debug|Any CPU
		{265634C8-4535-4F5D-BFA6-45DA4D42E935}.Debug|Any CPU.Build.0 = Debug|Any CPU
		{265634C8-4535-4F5D-BFA6-45DA4D42E935}.Release|Any CPU.ActiveCfg = Release|Any CPU
		{265634C8-4535-4F5D-BFA6-45DA4D42E935}.Release|Any CPU.Build.0 = Release|Any CPU
	EndGlobalSection
	GlobalSection(SolutionProperties) = preSolution
		HideSolutionNode = FALSE
	EndGlobalSection
	GlobalSection(ExtensibilityGlobals) = postSolution
		SolutionGuid = {51481D0A-4B8D-4E47-B41E-BF54F677FA21}
	EndGlobalSection
EndGlobal
